
Microsoft Visual Studio Solution File, Format Version 12.00
# Visual Studio Version 16
VisualStudioVersion = 16.0.31025.194
MinimumVisualStudioVersion = 10.0.40219.1
Project("{8BC9CEB8-8B4A-11D0-8D11-00A0C91BC942}") = "TestPort", "TestPort.vcxproj", "{28B4F180-C5C5-4BB9-92CF-C4E9A7A8F9E5}"
EndProject
Global
	GlobalSection(SolutionConfigurationPlatforms) = preSolution
		Debug|x64 = Debug|x64
		Debug|x86 = Debug|x86
		Release|x64 = Release|x64
		Release|x86 = Release|x86
	EndGlobalSection
	GlobalSection(ProjectConfigurationPlatforms) = postSolution
		{28B4F180-C5C5-4BB9-92CF-C4E9A7A8F9E5}.Debug|x64.ActiveCfg = Debug|x64
		{28B4F180-C5C5-4BB9-92CF-C4E9A7A8F9E5}.Debug|x64.Build.0 = Debug|x64
		{28B4F180-C5C5-4BB9-92CF-C4E9A7A8F9E5}.Debug|x86.ActiveCfg = Debug|Win32
		{28B4F180-C5C5-4BB9-92CF-C4E9A7A8F9E5}.Debug|x86.Build.0 = Debug|Win32
		{28B4F180-C5C5-4BB9-92CF-C4E9A7A8F9E5}.Release|x64.ActiveCfg = Release|x64
		{28B4F180-C5C5-4BB9-92CF-C4E9A7A8F9E5}.Release|x64.Build.0 = Release|x64
		{28B4F180-C5C5-4BB9-92CF-C4E9A7A8F9E5}.Release|x86.ActiveCfg = Release|Win32
		{28B4F180-C5C5-4BB9-92CF-C4E9A7A8F9E5}.Release|x86.Build.0 = Release|Win32
	EndGlobalSection
	GlobalSection(SolutionProperties) = preSolution
		HideSolutionNode = FALSE
	EndGlobalSection
	GlobalSection(ExtensibilityGlobals) = postSolution
		SolutionGuid = {E574527D-B006-49EF-AEA6-3BF06D4F3303}
	EndGlobalSection
EndGlobal
